<?xml version="1.0" encoding="utf-8"?>
<Project ToolsVersion="4.0" xmlns="http://schemas.microsoft.com/developer/msbuild/2003">
  <ItemGroup>
    <Filter Include="Application">
      <UniqueIdentifier>{fc684731-f9b1-49d8-87dc-c6e21d0d0349}</UniqueIdentifier>
    </Filter>
    <Filter Include="Application\ApplicationMain">
      <UniqueIdentifier>{7d32f8a4-e2cb-48d2-a672-eff6453468a2}</UniqueIdentifier>
    </Filter>
    <Filter Include="Mode">
      <UniqueIdentifier>{82688246-eb9e-4456-9890-53f43020fb8b}</UniqueIdentifier>
    </Filter>
    <Filter Include="Mode\ModeTest">
      <UniqueIdentifier>{fbcf7b66-9537-438d-9f9c-61f7989bd65f}</UniqueIdentifier>
    </Filter>
    <Filter Include="Object">
      <UniqueIdentifier>{8526c56e-ac50-49ca-b12d-080db8c26981}</UniqueIdentifier>
    </Filter>
    <Filter Include="Object\TestObject">
      <UniqueIdentifier>{c9283603-042d-4a02-92b9-b1c05633ffad}</UniqueIdentifier>
    </Filter>
    <Filter Include="Object\LevelBase">
      <UniqueIdentifier>{54bb908a-0cad-4874-989b-73c0f39c6194}</UniqueIdentifier>
    </Filter>
    <Filter Include="Object\Player">
      <UniqueIdentifier>{20b292a2-1bd0-4c7c-86a3-4caaad1a3989}</UniqueIdentifier>
    </Filter>
    <Filter Include="Mode\ModeInGame">
      <UniqueIdentifier>{98dfbe0e-5d59-421f-95f8-743ef6a67a24}</UniqueIdentifier>
    </Filter>
    <Filter Include="Mode\ModeTitle">
      <UniqueIdentifier>{176b8fa4-a361-428f-b864-40fd1d37c500}</UniqueIdentifier>
    </Filter>
    <Filter Include="Mode\ModeMainMenu">
      <UniqueIdentifier>{7660d8c0-c31b-4476-9e20-e518c440e5e5}</UniqueIdentifier>
    </Filter>
    <Filter Include="Mode\ModeResult">
      <UniqueIdentifier>{eb9f50c5-c348-44ad-bc22-299c4789ce8d}</UniqueIdentifier>
    </Filter>
    <Filter Include="Mode\ModeGameOver">
      <UniqueIdentifier>{aaec30de-f504-433c-bfef-ef0040c2bd42}</UniqueIdentifier>
    </Filter>
    <Filter Include="Mode\ModeConfig">
      <UniqueIdentifier>{9adc78cc-6e9c-4644-b7ca-f678b03c0473}</UniqueIdentifier>
    </Filter>
    <Filter Include="Object\Camera">
      <UniqueIdentifier>{43e7d0ee-932a-464c-a9d9-c75522ab585b}</UniqueIdentifier>
    </Filter>
    <Filter Include="Application\PrecompiledHeader">
      <UniqueIdentifier>{cb94774c-0327-4598-8d6a-3d1fffe58705}</UniqueIdentifier>
    </Filter>
    <Filter Include="StageEditor">
      <UniqueIdentifier>{60f99d55-8a6e-43c5-a126-4ddb0a0c04b5}</UniqueIdentifier>
    </Filter>
    <Filter Include="StageEditor\Object">
      <UniqueIdentifier>{36645df3-bd03-4cbc-9b33-7f654623b28e}</UniqueIdentifier>
    </Filter>
    <Filter Include="StageEditor\Object\EditorButton">
      <UniqueIdentifier>{f8a1aa6b-d28d-42c8-a881-31d2baa9de2e}</UniqueIdentifier>
    </Filter>
    <Filter Include="StageEditor\Object\ObjectListWindow">
      <UniqueIdentifier>{1874b1ed-d7ed-4524-9bd2-adb2dd77b99b}</UniqueIdentifier>
    </Filter>
    <Filter Include="StageEditor\Object\Dummy">
      <UniqueIdentifier>{8d6731dd-7b1d-4307-8ed9-039172598962}</UniqueIdentifier>
    </Filter>
    <Filter Include="picojson">
      <UniqueIdentifier>{20e22c66-8935-40b7-8a6b-67941a4840b1}</UniqueIdentifier>
    </Filter>
    <Filter Include="StageEditor\Object\EditStageSelectWindow">
      <UniqueIdentifier>{9aec89bc-9d1d-4235-92c8-025510172c95}</UniqueIdentifier>
    </Filter>
    <Filter Include="StageEditor\EditorUICreater">
      <UniqueIdentifier>{122386da-61f3-4b86-a42e-91e6e58ef915}</UniqueIdentifier>
    </Filter>
    <Filter Include="StageEditor\StageDataExporter">
      <UniqueIdentifier>{e8e90b95-0f8e-4c4f-bce9-63412cb4dc46}</UniqueIdentifier>
    </Filter>
    <Filter Include="StageEditor\StageDataImporter">
      <UniqueIdentifier>{27cbf0ef-4b45-4c9f-bcf4-238693add137}</UniqueIdentifier>
    </Filter>
    <Filter Include="StageEditor\Object\EditorCamera">
      <UniqueIdentifier>{46eccb84-a57e-4965-9b42-a9551839ff88}</UniqueIdentifier>
    </Filter>
    <Filter Include="Object\XYZLine">
      <UniqueIdentifier>{266ac7de-0448-4cdf-b237-e52255be40e0}</UniqueIdentifier>
    </Filter>
    <Filter Include="StageEditor\Object\EditorSelectMarker">
      <UniqueIdentifier>{f75dd96c-93cb-4412-ab65-6be20d30b3c2}</UniqueIdentifier>
    </Filter>
    <Filter Include="StageEditor\Object\DummySpike">
      <UniqueIdentifier>{d5f92690-66ef-4079-a99f-7f4f3ea76615}</UniqueIdentifier>
    </Filter>
    <Filter Include="StageEditor\Object\DummyWarp">
      <UniqueIdentifier>{5960f6a9-c990-4195-aab5-391296e3e9ce}</UniqueIdentifier>
    </Filter>
    <Filter Include="StageEditor\Object\DummyBlink">
      <UniqueIdentifier>{e6f39abf-d6cd-4523-b005-f8bf18626524}</UniqueIdentifier>
    </Filter>
    <Filter Include="StageEditor\Object\DummyBounce">
      <UniqueIdentifier>{2e7bb0ba-e6e2-4776-b1df-981c03061230}</UniqueIdentifier>
    </Filter>
    <Filter Include="Component">
      <UniqueIdentifier>{1309f378-2ee0-43f7-bffb-9a00a31cb6d7}</UniqueIdentifier>
    </Filter>
    <Filter Include="Component\CameraCompornent">
      <UniqueIdentifier>{3ded40d6-7975-4e33-b2a2-e12806361853}</UniqueIdentifier>
    </Filter>
    <Filter Include="Component\XInputCompornentComponent">
      <UniqueIdentifier>{40066eb0-6452-40ba-b7b9-23025988fa6d}</UniqueIdentifier>
    </Filter>
  </ItemGroup>
  <ItemGroup>
    <ClCompile Include="source\ApplicationMain.cpp">
      <Filter>Application\ApplicationMain</Filter>
    </ClCompile>
    <ClCompile Include="source\ModeTest.cpp">
      <Filter>Mode\ModeTest</Filter>
    </ClCompile>
    <ClCompile Include="source\TestObject.cpp">
      <Filter>Object\TestObject</Filter>
    </ClCompile>
    <ClCompile Include="source\EditorButton.cpp">
      <Filter>StageEditor\Object\EditorButton</Filter>
    </ClCompile>
    <ClCompile Include="source\LevelBase.cpp">
      <Filter>Object\LevelBase</Filter>
    </ClCompile>
    <ClCompile Include="source\Player.cpp">
      <Filter>Object\Player</Filter>
    </ClCompile>
    <ClCompile Include="source\ModeInGame.cpp">
      <Filter>Mode\ModeInGame</Filter>
    </ClCompile>
    <ClCompile Include="source\Camera.cpp">
      <Filter>Object\Camera</Filter>
    </ClCompile>
    <ClCompile Include="source\PrecompiledHeader.cpp">
      <Filter>Application\PrecompiledHeader</Filter>
    </ClCompile>
    <ClCompile Include="source\EditorUICreater.cpp">
      <Filter>StageEditor\EditorUICreater</Filter>
    </ClCompile>
    <ClCompile Include="source\ObjectListWindow.cpp">
      <Filter>StageEditor\Object\ObjectListWindow</Filter>
    </ClCompile>
    <ClCompile Include="source\Dummy.cpp">
      <Filter>StageEditor\Object\Dummy</Filter>
    </ClCompile>
    <ClCompile Include="source\StageDataExporter.cpp">
      <Filter>StageEditor\StageDataExporter</Filter>
    </ClCompile>
    <ClCompile Include="source\EditStageSelectWindow.cpp">
      <Filter>StageEditor\Object\EditStageSelectWindow</Filter>
    </ClCompile>
    <ClCompile Include="source\StageDataImporter.cpp">
      <Filter>StageEditor\StageDataImporter</Filter>
    </ClCompile>
    <ClCompile Include="source\EditorCamera.cpp">
      <Filter>StageEditor\Object\EditorCamera</Filter>
    </ClCompile>
    <ClCompile Include="source\XYZLine.cpp">
      <Filter>Object\XYZLine</Filter>
    </ClCompile>
    <ClCompile Include="source\EditorSelectMarker.cpp">
      <Filter>StageEditor\Object\EditorSelectMarker</Filter>
    </ClCompile>
    <ClCompile Include="source\DummySpike.cpp">
      <Filter>StageEditor\Object\DummySpike</Filter>
    </ClCompile>
    <ClCompile Include="source\DummyWarp.cpp">
      <Filter>StageEditor\Object\DummyWarp</Filter>
    </ClCompile>
    <ClCompile Include="source\DummyBlink.cpp">
      <Filter>StageEditor\Object\DummyBlink</Filter>
    </ClCompile>
    <ClCompile Include="source\DummyBounce.cpp">
      <Filter>StageEditor\Object\DummyBounce</Filter>
    </ClCompile>
    <ClCompile Include="source\ModeConfig.cpp">
      <Filter>Mode\ModeConfig</Filter>
    </ClCompile>
    <ClCompile Include="source\CameraComponent.cpp">
      <Filter>Component\CameraCompornent</Filter>
    </ClCompile>
    <ClCompile Include="source\XInputMoveComponent.cpp">
      <Filter>Component\XInputCompornentComponent</Filter>
    </ClCompile>
  </ItemGroup>
  <ItemGroup>
    <ClInclude Include="source\ApplicationMain.h">
      <Filter>Application\ApplicationMain</Filter>
    </ClInclude>
    <ClInclude Include="source\ModeTest.h">
      <Filter>Mode\ModeTest</Filter>
    </ClInclude>
    <ClInclude Include="source\TestObject.h">
      <Filter>Object\TestObject</Filter>
    </ClInclude>
    <ClInclude Include="source\LevelBase.h">
      <Filter>Object\LevelBase</Filter>
    </ClInclude>
    <ClInclude Include="source\Player.h">
      <Filter>Object\Player</Filter>
    </ClInclude>
    <ClInclude Include="source\ModeInGame.h">
      <Filter>Mode\ModeInGame</Filter>
    </ClInclude>
    <ClInclude Include="source\Camera.h">
      <Filter>Object\Camera</Filter>
    </ClInclude>
    <ClInclude Include="source\PrecompiledHeader.h">
      <Filter>Application\PrecompiledHeader</Filter>
    </ClInclude>
    <ClInclude Include="source\EditorButton.h">
      <Filter>StageEditor\Object\EditorButton</Filter>
    </ClInclude>
    <ClInclude Include="source\EditorUICreater.h">
      <Filter>StageEditor\EditorUICreater</Filter>
    </ClInclude>
    <ClInclude Include="source\ObjectListWindow.h">
      <Filter>StageEditor\Object\ObjectListWindow</Filter>
    </ClInclude>
    <ClInclude Include="source\Dummy.h">
      <Filter>StageEditor\Object\Dummy</Filter>
    </ClInclude>
    <ClInclude Include="source\picojson\picojson.h">
      <Filter>picojson</Filter>
    </ClInclude>
    <ClInclude Include="source\StageDataExporter.h">
      <Filter>StageEditor\StageDataExporter</Filter>
    </ClInclude>
    <ClInclude Include="source\EditStageSelectWindow.h">
      <Filter>StageEditor\Object\EditStageSelectWindow</Filter>
    </ClInclude>
    <ClInclude Include="source\StageDataImporter.h">
      <Filter>StageEditor\StageDataImporter</Filter>
    </ClInclude>
    <ClInclude Include="source\EditorCamera.h">
      <Filter>StageEditor\Object\EditorCamera</Filter>
    </ClInclude>
    <ClInclude Include="source\XYZLine.h">
      <Filter>Object\XYZLine</Filter>
    </ClInclude>
    <ClInclude Include="source\EditorSelectMarker.h">
      <Filter>StageEditor\Object\EditorSelectMarker</Filter>
    </ClInclude>
    <ClInclude Include="source\DummySpike.h">
      <Filter>StageEditor\Object\DummySpike</Filter>
    </ClInclude>
    <ClInclude Include="source\DummyWarp.h">
      <Filter>StageEditor\Object\DummyWarp</Filter>
    </ClInclude>
    <ClInclude Include="source\DummyBlink.h">
      <Filter>StageEditor\Object\DummyBlink</Filter>
    </ClInclude>
    <ClInclude Include="source\DummyBounce.h">
      <Filter>StageEditor\Object\DummyBounce</Filter>
    </ClInclude>
    <ClInclude Include="source\ModeConfig.h">
      <Filter>Mode\ModeConfig</Filter>
    </ClInclude>
    <ClInclude Include="source\CameraComponent.h">
      <Filter>Component\CameraCompornent</Filter>
    </ClInclude>
    <ClInclude Include="source\XInputMoveComponent.h">
      <Filter>Component\XInputCompornentComponent</Filter>
    </ClInclude>
  </ItemGroup>
</Project>