<?xml version="1.0" encoding="utf-8"?>
<Project ToolsVersion="4.0" xmlns="http://schemas.microsoft.com/developer/msbuild/2003">
  <ItemGroup>
    <Filter Include="Application">
      <UniqueIdentifier>{fc684731-f9b1-49d8-87dc-c6e21d0d0349}</UniqueIdentifier>
    </Filter>
    <Filter Include="Application\ApplicationMain">
      <UniqueIdentifier>{7d32f8a4-e2cb-48d2-a672-eff6453468a2}</UniqueIdentifier>
    </Filter>
    <Filter Include="Mode">
      <UniqueIdentifier>{82688246-eb9e-4456-9890-53f43020fb8b}</UniqueIdentifier>
    </Filter>
    <Filter Include="Mode\ModeTest">
      <UniqueIdentifier>{fbcf7b66-9537-438d-9f9c-61f7989bd65f}</UniqueIdentifier>
    </Filter>
    <Filter Include="Object">
      <UniqueIdentifier>{8526c56e-ac50-49ca-b12d-080db8c26981}</UniqueIdentifier>
    </Filter>
    <Filter Include="Object\TestObject">
      <UniqueIdentifier>{c9283603-042d-4a02-92b9-b1c05633ffad}</UniqueIdentifier>
    </Filter>
    <Filter Include="StageEditor">
      <UniqueIdentifier>{60f99d55-8a6e-43c5-a126-4ddb0a0c04b5}</UniqueIdentifier>
    </Filter>
    <Filter Include="StageEditor\Object">
      <UniqueIdentifier>{36645df3-bd03-4cbc-9b33-7f654623b28e}</UniqueIdentifier>
    </Filter>
    <Filter Include="StageEditor\ModeEdit">
      <UniqueIdentifier>{48fcd095-64d5-4175-8b29-bc87e0f37e8f}</UniqueIdentifier>
    </Filter>
    <Filter Include="StageEditor\Object\EditorButton">
      <UniqueIdentifier>{f8a1aa6b-d28d-42c8-a881-31d2baa9de2e}</UniqueIdentifier>
    </Filter>
  </ItemGroup>
  <ItemGroup>
    <ClCompile Include="source\ApplicationMain.cpp">
      <Filter>Application\ApplicationMain</Filter>
    </ClCompile>
    <ClCompile Include="source\ModeTest.cpp">
      <Filter>Mode\ModeTest</Filter>
    </ClCompile>
    <ClCompile Include="source\TestObject.cpp">
      <Filter>Object\TestObject</Filter>
    </ClCompile>
    <ClCompile Include="source\ModeEditor.cpp">
      <Filter>StageEditor\ModeEdit</Filter>
    </ClCompile>
    <ClCompile Include="source\EditorButton.cpp">
      <Filter>StageEditor\Object\EditorButton</Filter>
    </ClCompile>
  </ItemGroup>
  <ItemGroup>
    <ClInclude Include="source\ApplicationMain.h">
      <Filter>Application\ApplicationMain</Filter>
    </ClInclude>
    <ClInclude Include="source\ModeTest.h">
      <Filter>Mode\ModeTest</Filter>
    </ClInclude>
    <ClInclude Include="source\TestObject.h">
      <Filter>Object\TestObject</Filter>
    </ClInclude>
    <ClInclude Include="source\ModeEditor.h">
      <Filter>StageEditor\ModeEdit</Filter>
    </ClInclude>
    <ClInclude Include="source\EditorButton.h">
      <Filter>StageEditor\Object\EditorButton</Filter>
    </ClInclude>
  </ItemGroup>
</Project>